// !$*UTF8*$!
{
	archiveVersion = 1;
	classes = {
	};
	objectVersion = 46;
	objects = {

/* Begin PBXBuildFile section */
		D95FC6C81B8F4E5F00AB7A9A /* AppDelegate.swift in Sources */ = {isa = PBXBuildFile; fileRef = D95FC6C71B8F4E5F00AB7A9A /* AppDelegate.swift */; };
		D95FC6CA1B8F4E5F00AB7A9A /* ViewController.swift in Sources */ = {isa = PBXBuildFile; fileRef = D95FC6C91B8F4E5F00AB7A9A /* ViewController.swift */; };
		D95FC6CD1B8F4E5F00AB7A9A /* Main.storyboard in Resources */ = {isa = PBXBuildFile; fileRef = D95FC6CB1B8F4E5F00AB7A9A /* Main.storyboard */; };
		D95FC6CF1B8F4E5F00AB7A9A /* Images.xcassets in Resources */ = {isa = PBXBuildFile; fileRef = D95FC6CE1B8F4E5F00AB7A9A /* Images.xcassets */; };
		D95FC6D21B8F4E5F00AB7A9A /* LaunchScreen.xib in Resources */ = {isa = PBXBuildFile; fileRef = D95FC6D01B8F4E5F00AB7A9A /* LaunchScreen.xib */; };
		D95FC6DE1B8F4E5F00AB7A9A /* PsychologistTests.swift in Sources */ = {isa = PBXBuildFile; fileRef = D95FC6DD1B8F4E5F00AB7A9A /* PsychologistTests.swift */; };
/* End PBXBuildFile section */

/* Begin PBXContainerItemProxy section */
		D95FC6D81B8F4E5F00AB7A9A /* PBXContainerItemProxy */ = {
			isa = PBXContainerItemProxy;
			containerPortal = D95FC6BA1B8F4E5F00AB7A9A /* Project object */;
			proxyType = 1;
			remoteGlobalIDString = D95FC6C11B8F4E5F00AB7A9A;
			remoteInfo = Psychologist;
		};
/* End PBXContainerItemProxy section */

/* Begin PBXFileReference section */
		D95FC6C21B8F4E5F00AB7A9A /* Psychologist.app */ = {isa = PBXFileReference; explicitFileType = wrapper.application; includeInIndex = 0; path = Psychologist.app; sourceTree = BUILT_PRODUCTS_DIR; };
		D95FC6C61B8F4E5F00AB7A9A /* Info.plist */ = {isa = PBXFileReference; lastKnownFileType = text.plist.xml; path = Info.plist; sourceTree = "<group>"; };
		D95FC6C71B8F4E5F00AB7A9A /* AppDelegate.swift */ = {isa = PBXFileReference; lastKnownFileType = sourcecode.swift; path = AppDelegate.swift; sourceTree = "<group>"; };
		D95FC6C91B8F4E5F00AB7A9A /* ViewController.swift */ = {isa = PBXFileReference; lastKnownFileType = sourcecode.swift; path = ViewController.swift; sourceTree = "<group>"; };
		D95FC6CC1B8F4E5F00AB7A9A /* Base */ = {isa = PBXFileReference; lastKnownFileType = file.storyboard; name = Base; path = Base.lproj/Main.storyboard; sourceTree = "<group>"; };
		D95FC6CE1B8F4E5F00AB7A9A /* Images.xcassets */ = {isa = PBXFileReference; lastKnownFileType = folder.assetcatalog; path = Images.xcassets; sourceTree = "<group>"; };
		D95FC6D11B8F4E5F00AB7A9A /* Base */ = {isa = PBXFileReference; lastKnownFileType = file.xib; name = Base; path = Base.lproj/LaunchScreen.xib; sourceTree = "<group>"; };
		D95FC6D71B8F4E5F00AB7A9A /* PsychologistTests.xctest */ = {isa = PBXFileReference; explicitFileType = wrapper.cfbundle; includeInIndex = 0; path = PsychologistTests.xctest; sourceTree = BUILT_PRODUCTS_DIR; };
		D95FC6DC1B8F4E5F00AB7A9A /* Info.plist */ = {isa = PBXFileReference; lastKnownFileType = text.plist.xml; path = Info.plist; sourceTree = "<group>"; };
		D95FC6DD1B8F4E5F00AB7A9A /* PsychologistTests.swift */ = {isa = PBXFileReference; lastKnownFileType = sourcecode.swift; path = PsychologistTests.swift; sourceTree = "<group>"; };
/* End PBXFileReference section */

/* Begin PBXFrameworksBuildPhase section */
		D95FC6BF1B8F4E5F00AB7A9A /* Frameworks */ = {
			isa = PBXFrameworksBuildPhase;
			buildActionMask = 2147483647;
			files = (
			);
			runOnlyForDeploymentPostprocessing = 0;
		};
		D95FC6D41B8F4E5F00AB7A9A /* Frameworks */ = {
			isa = PBXFrameworksBuildPhase;
			buildActionMask = 2147483647;
			files = (
			);
			runOnlyForDeploymentPostprocessing = 0;
		};
/* End PBXFrameworksBuildPhase section */

/* Begin PBXGroup section */
		D95FC6B91B8F4E5F00AB7A9A = {
			isa = PBXGroup;
			children = (
				D95FC6C41B8F4E5F00AB7A9A /* Psychologist */,
				D95FC6DA1B8F4E5F00AB7A9A /* PsychologistTests */,
				D95FC6C31B8F4E5F00AB7A9A /* Products */,
			);
			sourceTree = "<group>";
		};
		D95FC6C31B8F4E5F00AB7A9A /* Products */ = {
			isa = PBXGroup;
			children = (
				D95FC6C21B8F4E5F00AB7A9A /* Psychologist.app */,
				D95FC6D71B8F4E5F00AB7A9A /* PsychologistTests.xctest */,
			);
			name = Products;
			sourceTree = "<group>";
		};
		D95FC6C41B8F4E5F00AB7A9A /* Psychologist */ = {
			isa = PBXGroup;
			children = (
				D95FC6C71B8F4E5F00AB7A9A /* AppDelegate.swift */,
				D95FC6C91B8F4E5F00AB7A9A /* ViewController.swift */,
				D95FC6CB1B8F4E5F00AB7A9A /* Main.storyboard */,
				D95FC6CE1B8F4E5F00AB7A9A /* Images.xcassets */,
				D95FC6D01B8F4E5F00AB7A9A /* LaunchScreen.xib */,
				D95FC6C51B8F4E5F00AB7A9A /* Supporting Files */,
			);
			path = Psychologist;
			sourceTree = "<group>";
		};
		D95FC6C51B8F4E5F00AB7A9A /* Supporting Files */ = {
			isa = PBXGroup;
			children = (
				D95FC6C61B8F4E5F00AB7A9A /* Info.plist */,
			);
			name = "Supporting Files";
			sourceTree = "<group>";
		};
		D95FC6DA1B8F4E5F00AB7A9A /* PsychologistTests */ = {
			isa = PBXGroup;
			children = (
				D95FC6DD1B8F4E5F00AB7A9A /* PsychologistTests.swift */,
				D95FC6DB1B8F4E5F00AB7A9A /* Supporting Files */,
			);
			path = PsychologistTests;
			sourceTree = "<group>";
		};
		D95FC6DB1B8F4E5F00AB7A9A /* Supporting Files */ = {
			isa = PBXGroup;
			children = (
				D95FC6DC1B8F4E5F00AB7A9A /* Info.plist */,
			);
			name = "Supporting Files";
			sourceTree = "<group>";
		};
/* End PBXGroup section */

/* Begin PBXNativeTarget section */
		D95FC6C11B8F4E5F00AB7A9A /* Psychologist */ = {
			isa = PBXNativeTarget;
			buildConfigurationList = D95FC6E11B8F4E5F00AB7A9A /* Build configuration list for PBXNativeTarget "Psychologist" */;
			buildPhases = (
				D95FC6BE1B8F4E5F00AB7A9A /* Sources */,
				D95FC6BF1B8F4E5F00AB7A9A /* Frameworks */,
				D95FC6C01B8F4E5F00AB7A9A /* Resources */,
			);
			buildRules = (
			);
			dependencies = (
			);
			name = Psychologist;
			productName = Psychologist;
			productReference = D95FC6C21B8F4E5F00AB7A9A /* Psychologist.app */;
			productType = "com.apple.product-type.application";
		};
		D95FC6D61B8F4E5F00AB7A9A /* PsychologistTests */ = {
			isa = PBXNativeTarget;
			buildConfigurationList = D95FC6E41B8F4E5F00AB7A9A /* Build configuration list for PBXNativeTarget "PsychologistTests" */;
			buildPhases = (
				D95FC6D31B8F4E5F00AB7A9A /* Sources */,
				D95FC6D41B8F4E5F00AB7A9A /* Frameworks */,
				D95FC6D51B8F4E5F00AB7A9A /* Resources */,
			);
			buildRules = (
			);
			dependencies = (
				D95FC6D91B8F4E5F00AB7A9A /* PBXTargetDependency */,
			);
			name = PsychologistTests;
			productName = PsychologistTests;
			productReference = D95FC6D71B8F4E5F00AB7A9A /* PsychologistTests.xctest */;
			productType = "com.apple.product-type.bundle.unit-test";
		};
/* End PBXNativeTarget section */

/* Begin PBXProject section */
		D95FC6BA1B8F4E5F00AB7A9A /* Project object */ = {
			isa = PBXProject;
			attributes = {
				LastUpgradeCheck = 0630;
				ORGANIZATIONNAME = "Macgill Davis";
				TargetAttributes = {
					D95FC6C11B8F4E5F00AB7A9A = {
						CreatedOnToolsVersion = 6.3.1;
					};
					D95FC6D61B8F4E5F00AB7A9A = {
						CreatedOnToolsVersion = 6.3.1;
						TestTargetID = D95FC6C11B8F4E5F00AB7A9A;
					};
				};
			};
			buildConfigurationList = D95FC6BD1B8F4E5F00AB7A9A /* Build configuration list for PBXProject "Psychologist" */;
			compatibilityVersion = "Xcode 3.2";
			developmentRegion = English;
			hasScannedForEncodings = 0;
			knownRegions = (
				en,
				Base,
			);
			mainGroup = D95FC6B91B8F4E5F00AB7A9A;
			productRefGroup = D95FC6C31B8F4E5F00AB7A9A /* Products */;
			projectDirPath = "";
			projectRoot = "";
			targets = (
				D95FC6C11B8F4E5F00AB7A9A /* Psychologist */,
				D95FC6D61B8F4E5F00AB7A9A /* PsychologistTests */,
			);
		};
/* End PBXProject section */

/* Begin PBXResourcesBuildPhase section */
		D95FC6C01B8F4E5F00AB7A9A /* Resources */ = {
			isa = PBXResourcesBuildPhase;
			buildActionMask = 2147483647;
			files = (
				D95FC6CD1B8F4E5F00AB7A9A /* Main.storyboard in Resources */,
				D95FC6D21B8F4E5F00AB7A9A /* LaunchScreen.xib in Resources */,
				D95FC6CF1B8F4E5F00AB7A9A /* Images.xcassets in Resources */,
			);
			runOnlyForDeploymentPostprocessing = 0;
		};
		D95FC6D51B8F4E5F00AB7A9A /* Resources */ = {
			isa = PBXResourcesBuildPhase;
			buildActionMask = 2147483647;
			files = (
			);
			runOnlyForDeploymentPostprocessing = 0;
		};
/* End PBXResourcesBuildPhase section */

/* Begin PBXSourcesBuildPhase section */
		D95FC6BE1B8F4E5F00AB7A9A /* Sources */ = {
			isa = PBXSourcesBuildPhase;
			buildActionMask = 2147483647;
			files = (
				D95FC6CA1B8F4E5F00AB7A9A /* ViewController.swift in Sources */,
				D95FC6C81B8F4E5F00AB7A9A /* AppDelegate.swift in Sources */,
			);
			runOnlyForDeploymentPostprocessing = 0;
		};
		D95FC6D31B8F4E5F00AB7A9A /* Sources */ = {
			isa = PBXSourcesBuildPhase;
			buildActionMask = 2147483647;
			files = (
				D95FC6DE1B8F4E5F00AB7A9A /* PsychologistTests.swift in Sources */,
			);
			runOnlyForDeploymentPostprocessing = 0;
		};
/* End PBXSourcesBuildPhase section */

/* Begin PBXTargetDependency section */
		D95FC6D91B8F4E5F00AB7A9A /* PBXTargetDependency */ = {
			isa = PBXTargetDependency;
			target = D95FC6C11B8F4E5F00AB7A9A /* Psychologist */;
			targetProxy = D95FC6D81B8F4E5F00AB7A9A /* PBXContainerItemProxy */;
		};
/* End PBXTargetDependency section */

/* Begin PBXVariantGroup section */
		D95FC6CB1B8F4E5F00AB7A9A /* Main.storyboard */ = {
			isa = PBXVariantGroup;
			children = (
				D95FC6CC1B8F4E5F00AB7A9A /* Base */,
			);
			name = Main.storyboard;
			sourceTree = "<group>";
		};
		D95FC6D01B8F4E5F00AB7A9A /* LaunchScreen.xib */ = {
			isa = PBXVariantGroup;
			children = (
				D95FC6D11B8F4E5F00AB7A9A /* Base */,
			);
			name = LaunchScreen.xib;
			sourceTree = "<group>";
		};
/* End PBXVariantGroup section */

/* Begin XCBuildConfiguration section */
		D95FC6DF1B8F4E5F00AB7A9A /* Debug */ = {
			isa = XCBuildConfiguration;
			buildSettings = {
				ALWAYS_SEARCH_USER_PATHS = NO;
				CLANG_CXX_LANGUAGE_STANDARD = "gnu++0x";
				CLANG_CXX_LIBRARY = "libc++";
				CLANG_ENABLE_MODULES = YES;
				CLANG_ENABLE_OBJC_ARC = YES;
				CLANG_WARN_BOOL_CONVERSION = YES;
				CLANG_WARN_CONSTANT_CONVERSION = YES;
				CLANG_WARN_DIRECT_OBJC_ISA_USAGE = YES_ERROR;
				CLANG_WARN_EMPTY_BODY = YES;
				CLANG_WARN_ENUM_CONVERSION = YES;
				CLANG_WARN_INT_CONVERSION = YES;
				CLANG_WARN_OBJC_ROOT_CLASS = YES_ERROR;
				CLANG_WARN_UNREACHABLE_CODE = YES;
				CLANG_WARN__DUPLICATE_METHOD_MATCH = YES;
				"CODE_SIGN_IDENTITY[sdk=iphoneos*]" = "iPhone Developer";
				COPY_PHASE_STRIP = NO;
				DEBUG_INFORMATION_FORMAT = "dwarf-with-dsym";
				ENABLE_STRICT_OBJC_MSGSEND = YES;
				GCC_C_LANGUAGE_STANDARD = gnu99;
				GCC_DYNAMIC_NO_PIC = NO;
				GCC_NO_COMMON_BLOCKS = YES;
				GCC_OPTIMIZATION_LEVEL = 0;
				GCC_PREPROCESSOR_DEFINITIONS = (
					"DEBUG=1",
					"$(inherited)",
				);
				GCC_SYMBOLS_PRIVATE_EXTERN = NO;
				GCC_WARN_64_TO_32_BIT_CONVERSION = YES;
				GCC_WARN_ABOUT_RETURN_TYPE = YES_ERROR;
				GCC_WARN_UNDECLARED_SELECTOR = YES;
				GCC_WARN_UNINITIALIZED_AUTOS = YES_AGGRESSIVE;
				GCC_WARN_UNUSED_FUNCTION = YES;
				GCC_WARN_UNUSED_VARIABLE = YES;
				IPHONEOS_DEPLOYMENT_TARGET = 8.3;
				MTL_ENABLE_DEBUG_INFO = YES;
				ONLY_ACTIVE_ARCH = YES;
				SDKROOT = iphoneos;
				SWIFT_OPTIMIZATION_LEVEL = "-Onone";
				TARGETED_DEVICE_FAMILY = "1,2";
			};
			name = Debug;
		};
		D95FC6E01B8F4E5F00AB7A9A /* Release */ = {
			isa = XCBuildConfiguration;
			buildSettings = {
				ALWAYS_SEARCH_USER_PATHS = NO;
				CLANG_CXX_LANGUAGE_STANDARD = "gnu++0x";
				CLANG_CXX_LIBRARY = "libc++";
				CLANG_ENABLE_MODULES = YES;
				CLANG_ENABLE_OBJC_ARC = YES;
				CLANG_WARN_BOOL_CONVERSION = YES;
				CLANG_WARN_CONSTANT_CONVERSION = YES;
				CLANG_WARN_DIRECT_OBJC_ISA_USAGE = YES_ERROR;
				CLANG_WARN_EMPTY_BODY = YES;
				CLANG_WARN_ENUM_CONVERSION = YES;
				CLANG_WARN_INT_CONVERSION = YES;
				CLANG_WARN_OBJC_ROOT_CLASS = YES_ERROR;
				CLANG_WARN_UNREACHABLE_CODE = YES;
				CLANG_WARN__DUPLICATE_METHOD_MATCH = YES;
				"CODE_SIGN_IDENTITY[sdk=iphoneos*]" = "iPhone Developer";
				COPY_PHASE_STRIP = NO;
				DEBUG_INFORMATION_FORMAT = "dwarf-with-dsym";
				ENABLE_NS_ASSERTIONS = NO;
				ENABLE_STRICT_OBJC_MSGSEND = YES;
				GCC_C_LANGUAGE_STANDARD = gnu99;
				GCC_NO_COMMON_BLOCKS = YES;
				GCC_WARN_64_TO_32_BIT_CONVERSION = YES;
				GCC_WARN_ABOUT_RETURN_TYPE = YES_ERROR;
				GCC_WARN_UNDECLARED_SELECTOR = YES;
				GCC_WARN_UNINITIALIZED_AUTOS = YES_AGGRESSIVE;
				GCC_WARN_UNUSED_FUNCTION = YES;
				GCC_WARN_UNUSED_VARIABLE = YES;
				IPHONEOS_DEPLOYMENT_TARGET = 8.3;
				MTL_ENABLE_DEBUG_INFO = NO;
				SDKROOT = iphoneos;
				TARGETED_DEVICE_FAMILY = "1,2";
				VALIDATE_PRODUCT = YES;
			};
			name = Release;
		};
		D95FC6E21B8F4E5F00AB7A9A /* Debug */ = {
			isa = XCBuildConfiguration;
			buildSettings = {
				ASSETCATALOG_COMPILER_APPICON_NAME = AppIcon;
				INFOPLIST_FILE = Psychologist/Info.plist;
				LD_RUNPATH_SEARCH_PATHS = "$(inherited) @executable_path/Frameworks";
				PRODUCT_NAME = "$(TARGET_NAME)";
			};
			name = Debug;
		};
		D95FC6E31B8F4E5F00AB7A9A /* Release */ = {
			isa = XCBuildConfiguration;
			buildSettings = {
				ASSETCATALOG_COMPILER_APPICON_NAME = AppIcon;
				INFOPLIST_FILE = Psychologist/Info.plist;
				LD_RUNPATH_SEARCH_PATHS = "$(inherited) @executable_path/Frameworks";
				PRODUCT_NAME = "$(TARGET_NAME)";
			};
			name = Release;
		};
		D95FC6E51B8F4E5F00AB7A9A /* Debug */ = {
			isa = XCBuildConfiguration;
			buildSettings = {
				BUNDLE_LOADER = "$(TEST_HOST)";
				FRAMEWORK_SEARCH_PATHS = (
					"$(SDKROOT)/Developer/Library/Frameworks",
					"$(inherited)",
				);
				GCC_PREPROCESSOR_DEFINITIONS = (
					"DEBUG=1",
					"$(inherited)",
				);
				INFOPLIST_FILE = PsychologistTests/Info.plist;
				LD_RUNPATH_SEARCH_PATHS = "$(inherited) @executable_path/Frameworks @loader_path/Frameworks";
				PRODUCT_NAME = "$(TARGET_NAME)";
				TEST_HOST = "$(BUILT_PRODUCTS_DIR)/Psychologist.app/Psychologist";
			};
			name = Debug;
		};
		D95FC6E61B8F4E5F00AB7A9A /* Release */ = {
			isa = XCBuildConfiguration;
			buildSettings = {
				BUNDLE_LOADER = "$(TEST_HOST)";
				FRAMEWORK_SEARCH_PATHS = (
					"$(SDKROOT)/Developer/Library/Frameworks",
					"$(inherited)",
				);
				INFOPLIST_FILE = PsychologistTests/Info.plist;
				LD_RUNPATH_SEARCH_PATHS = "$(inherited) @executable_path/Frameworks @loader_path/Frameworks";
				PRODUCT_NAME = "$(TARGET_NAME)";
				TEST_HOST = "$(BUILT_PRODUCTS_DIR)/Psychologist.app/Psychologist";
			};
			name = Release;
		};
/* End XCBuildConfiguration section */

/* Begin XCConfigurationList section */
		D95FC6BD1B8F4E5F00AB7A9A /* Build configuration list for PBXProject "Psychologist" */ = {
			isa = XCConfigurationList;
			buildConfigurations = (
				D95FC6DF1B8F4E5F00AB7A9A /* Debug */,
				D95FC6E01B8F4E5F00AB7A9A /* Release */,
			);
			defaultConfigurationIsVisible = 0;
			defaultConfigurationName = Release;
		};
		D95FC6E11B8F4E5F00AB7A9A /* Build configuration list for PBXNativeTarget "Psychologist" */ = {
			isa = XCConfigurationList;
			buildConfigurations = (
				D95FC6E21B8F4E5F00AB7A9A /* Debug */,
				D95FC6E31B8F4E5F00AB7A9A /* Release */,
			);
			defaultConfigurationIsVisible = 0;
		};
		D95FC6E41B8F4E5F00AB7A9A /* Build configuration list for PBXNativeTarget "PsychologistTests" */ = {
			isa = XCConfigurationList;
			buildConfigurations = (
				D95FC6E51B8F4E5F00AB7A9A /* Debug */,
				D95FC6E61B8F4E5F00AB7A9A /* Release */,
			);
			defaultConfigurationIsVisible = 0;
		};
/* End XCConfigurationList section */
	};
	rootObject = D95FC6BA1B8F4E5F00AB7A9A /* Project object */;
}
